
Microsoft Visual Studio Solution File, Format Version 12.00
# Visual Studio Version 16
VisualStudioVersion = 16.0.31702.278
MinimumVisualStudioVersion = 10.0.40219.1
Project("{9A19103F-16F7-4668-BE54-9A1E7A4F7556}") = "ПЗ№7", "ПЗ№7\ПЗ№7.csproj", "{B6F35DA6-C807-4C3A-9566-7BE99F23ABAE}"
EndProject
Project("{FAE04EC0-301F-11D3-BF4B-00C04F79EFBC}") = "zavd_2", "zavd_2\zavd_2.csproj", "{4E9A2B30-922E-4C77-9A3F-29567095C46C}"
EndProject
Global
	GlobalSection(SolutionConfigurationPlatforms) = preSolution
		Debug|Any CPU = Debug|Any CPU
		Release|Any CPU = Release|Any CPU
	EndGlobalSection
	GlobalSection(ProjectConfigurationPlatforms) = postSolution
		{B6F35DA6-C807-4C3A-9566-7BE99F23ABAE}.Debug|Any CPU.ActiveCfg = Debug|Any CPU
		{B6F35DA6-C807-4C3A-9566-7BE99F23ABAE}.Debug|Any CPU.Build.0 = Debug|Any CPU
		{B6F35DA6-C807-4C3A-9566-7BE99F23ABAE}.Release|Any CPU.ActiveCfg = Release|Any CPU
		{B6F35DA6-C807-4C3A-9566-7BE99F23ABAE}.Release|Any CPU.Build.0 = Release|Any CPU
		{4E9A2B30-922E-4C77-9A3F-29567095C46C}.Debug|Any CPU.ActiveCfg = Debug|Any CPU
		{4E9A2B30-922E-4C77-9A3F-29567095C46C}.Debug|Any CPU.Build.0 = Debug|Any CPU
		{4E9A2B30-922E-4C77-9A3F-29567095C46C}.Release|Any CPU.ActiveCfg = Release|Any CPU
		{4E9A2B30-922E-4C77-9A3F-29567095C46C}.Release|Any CPU.Build.0 = Release|Any CPU
	EndGlobalSection
	GlobalSection(SolutionProperties) = preSolution
		HideSolutionNode = FALSE
	EndGlobalSection
	GlobalSection(ExtensibilityGlobals) = postSolution
		SolutionGuid = {0BD88DAB-3AB3-4987-9CB0-F06E942ABA16}
	EndGlobalSection
EndGlobal
