
Microsoft Visual Studio Solution File, Format Version 12.00
# Visual Studio Version 16
VisualStudioVersion = 16.0.31702.278
MinimumVisualStudioVersion = 10.0.40219.1
Project("{FAE04EC0-301F-11D3-BF4B-00C04F79EFBC}") = "Завдання 3", "Завдання 3\Завдання 3.csproj", "{5D86AF2A-096F-45B4-B63B-368F3BDAA8B7}"
EndProject
Global
	GlobalSection(SolutionConfigurationPlatforms) = preSolution
		Debug|Any CPU = Debug|Any CPU
		Release|Any CPU = Release|Any CPU
	EndGlobalSection
	GlobalSection(ProjectConfigurationPlatforms) = postSolution
		{5D86AF2A-096F-45B4-B63B-368F3BDAA8B7}.Debug|Any CPU.ActiveCfg = Debug|Any CPU
		{5D86AF2A-096F-45B4-B63B-368F3BDAA8B7}.Debug|Any CPU.Build.0 = Debug|Any CPU
		{5D86AF2A-096F-45B4-B63B-368F3BDAA8B7}.Release|Any CPU.ActiveCfg = Release|Any CPU
		{5D86AF2A-096F-45B4-B63B-368F3BDAA8B7}.Release|Any CPU.Build.0 = Release|Any CPU
	EndGlobalSection
	GlobalSection(SolutionProperties) = preSolution
		HideSolutionNode = FALSE
	EndGlobalSection
	GlobalSection(ExtensibilityGlobals) = postSolution
		SolutionGuid = {43170FD0-D1FF-4103-9288-7DCE3CFF7F9B}
	EndGlobalSection
EndGlobal
